
Microsoft Visual Studio Solution File, Format Version 12.00
# Visual Studio Version 16
VisualStudioVersion = 16.0.30011.22
MinimumVisualStudioVersion = 10.0.40219.1
Project("{9A19103F-16F7-4668-BE54-9A1E7A4F7556}") = "Ugugushka.UnitTests", "Ugugushka.UnitTests\Ugugushka.UnitTests.csproj", "{D5A6BB96-1135-4663-92B7-D27311EA3373}"
EndProject
Project("{9A19103F-16F7-4668-BE54-9A1E7A4F7556}") = "Ugugushka.WebUI", "Ugugushka.WebUI\Ugugushka.WebUI.csproj", "{CCF19AEB-B81C-4E1C-8535-BF4748E35028}"
EndProject
Project("{9A19103F-16F7-4668-BE54-9A1E7A4F7556}") = "Ugugushka.Domain", "Ugugushka.Domain\Ugugushka.Domain.csproj", "{69D96335-AEF3-4EAD-9FB0-72358FE8CEEB}"
EndProject
Project("{9A19103F-16F7-4668-BE54-9A1E7A4F7556}") = "Ugugushka.Data", "Ugugushka.Data\Ugugushka.Data.csproj", "{210805B6-7FBA-4663-806D-78ABB05A537C}"
EndProject
Project("{9A19103F-16F7-4668-BE54-9A1E7A4F7556}") = "Ugugushka.Common", "Ugugushka.Common\Ugugushka.Common.csproj", "{782A409E-34E7-4A94-9AB2-F5B68AF6C994}"
EndProject
Global
	GlobalSection(SolutionConfigurationPlatforms) = preSolution
		Debug|Any CPU = Debug|Any CPU
		Release|Any CPU = Release|Any CPU
	EndGlobalSection
	GlobalSection(ProjectConfigurationPlatforms) = postSolution
		{D5A6BB96-1135-4663-92B7-D27311EA3373}.Debug|Any CPU.ActiveCfg = Debug|Any CPU
		{D5A6BB96-1135-4663-92B7-D27311EA3373}.Debug|Any CPU.Build.0 = Debug|Any CPU
		{D5A6BB96-1135-4663-92B7-D27311EA3373}.Release|Any CPU.ActiveCfg = Release|Any CPU
		{D5A6BB96-1135-4663-92B7-D27311EA3373}.Release|Any CPU.Build.0 = Release|Any CPU
		{CCF19AEB-B81C-4E1C-8535-BF4748E35028}.Debug|Any CPU.ActiveCfg = Debug|Any CPU
		{CCF19AEB-B81C-4E1C-8535-BF4748E35028}.Debug|Any CPU.Build.0 = Debug|Any CPU
		{CCF19AEB-B81C-4E1C-8535-BF4748E35028}.Release|Any CPU.ActiveCfg = Release|Any CPU
		{CCF19AEB-B81C-4E1C-8535-BF4748E35028}.Release|Any CPU.Build.0 = Release|Any CPU
		{69D96335-AEF3-4EAD-9FB0-72358FE8CEEB}.Debug|Any CPU.ActiveCfg = Debug|Any CPU
		{69D96335-AEF3-4EAD-9FB0-72358FE8CEEB}.Debug|Any CPU.Build.0 = Debug|Any CPU
		{69D96335-AEF3-4EAD-9FB0-72358FE8CEEB}.Release|Any CPU.ActiveCfg = Release|Any CPU
		{69D96335-AEF3-4EAD-9FB0-72358FE8CEEB}.Release|Any CPU.Build.0 = Release|Any CPU
		{210805B6-7FBA-4663-806D-78ABB05A537C}.Debug|Any CPU.ActiveCfg = Debug|Any CPU
		{210805B6-7FBA-4663-806D-78ABB05A537C}.Debug|Any CPU.Build.0 = Debug|Any CPU
		{210805B6-7FBA-4663-806D-78ABB05A537C}.Release|Any CPU.ActiveCfg = Release|Any CPU
		{210805B6-7FBA-4663-806D-78ABB05A537C}.Release|Any CPU.Build.0 = Release|Any CPU
		{782A409E-34E7-4A94-9AB2-F5B68AF6C994}.Debug|Any CPU.ActiveCfg = Debug|Any CPU
		{782A409E-34E7-4A94-9AB2-F5B68AF6C994}.Debug|Any CPU.Build.0 = Debug|Any CPU
		{782A409E-34E7-4A94-9AB2-F5B68AF6C994}.Release|Any CPU.ActiveCfg = Release|Any CPU
		{782A409E-34E7-4A94-9AB2-F5B68AF6C994}.Release|Any CPU.Build.0 = Release|Any CPU
	EndGlobalSection
	GlobalSection(SolutionProperties) = preSolution
		HideSolutionNode = FALSE
	EndGlobalSection
	GlobalSection(ExtensibilityGlobals) = postSolution
		SolutionGuid = {94781975-D246-4932-9D84-DF4D3BB2BE00}
	EndGlobalSection
EndGlobal
